
Microsoft Visual Studio Solution File, Format Version 12.00
# Visual Studio Version 16
VisualStudioVersion = 16.0.31729.503
MinimumVisualStudioVersion = 10.0.40219.1
Project("{FAE04EC0-301F-11D3-BF4B-00C04F79EFBC}") = "WEB_api_course", "WEB_api_course\WEB_api_course.csproj", "{CA7794A9-46C3-4A26-8CF3-31B45EF73787}"
EndProject
Global
	GlobalSection(SolutionConfigurationPlatforms) = preSolution
		Debug|Any CPU = Debug|Any CPU
		Release|Any CPU = Release|Any CPU
	EndGlobalSection
	GlobalSection(ProjectConfigurationPlatforms) = postSolution
		{CA7794A9-46C3-4A26-8CF3-31B45EF73787}.Debug|Any CPU.ActiveCfg = Debug|Any CPU
		{CA7794A9-46C3-4A26-8CF3-31B45EF73787}.Debug|Any CPU.Build.0 = Debug|Any CPU
		{CA7794A9-46C3-4A26-8CF3-31B45EF73787}.Release|Any CPU.ActiveCfg = Release|Any CPU
		{CA7794A9-46C3-4A26-8CF3-31B45EF73787}.Release|Any CPU.Build.0 = Release|Any CPU
	EndGlobalSection
	GlobalSection(SolutionProperties) = preSolution
		HideSolutionNode = FALSE
	EndGlobalSection
	GlobalSection(ExtensibilityGlobals) = postSolution
		SolutionGuid = {59A33F0D-1477-48B6-8725-9E8F17A97BFC}
	EndGlobalSection
EndGlobal
